
Microsoft Visual Studio Solution File, Format Version 12.00
# Visual Studio Version 17
VisualStudioVersion = 17.10.35004.147
MinimumVisualStudioVersion = 10.0.40219.1
Project("{FAE04EC0-301F-11D3-BF4B-00C04F79EFBC}") = "Lag hus", "Lag hus.csproj", "{3A198990-C244-4A26-BB2F-7E26A504D51F}"
EndProject
Global
	GlobalSection(SolutionConfigurationPlatforms) = preSolution
		Debug|Any CPU = Debug|Any CPU
		Release|Any CPU = Release|Any CPU
	EndGlobalSection
	GlobalSection(ProjectConfigurationPlatforms) = postSolution
		{3A198990-C244-4A26-BB2F-7E26A504D51F}.Debug|Any CPU.ActiveCfg = Debug|Any CPU
		{3A198990-C244-4A26-BB2F-7E26A504D51F}.Debug|Any CPU.Build.0 = Debug|Any CPU
		{3A198990-C244-4A26-BB2F-7E26A504D51F}.Release|Any CPU.ActiveCfg = Release|Any CPU
		{3A198990-C244-4A26-BB2F-7E26A504D51F}.Release|Any CPU.Build.0 = Release|Any CPU
	EndGlobalSection
	GlobalSection(SolutionProperties) = preSolution
		HideSolutionNode = FALSE
	EndGlobalSection
	GlobalSection(ExtensibilityGlobals) = postSolution
		SolutionGuid = {8762DB83-7120-4218-ABA3-5087C9F3C73C}
	EndGlobalSection
EndGlobal
